// !$*UTF8*$!
{
	archiveVersion = 1;
	classes = {
	};
	objectVersion = 50;
	objects = {

/* Begin PBXBuildFile section */
		000FE66F25E6CB9200D41327 /* AppDelegate.swift in Sources */ = {isa = PBXBuildFile; fileRef = 000FE66E25E6CB9200D41327 /* AppDelegate.swift */; };
		000FE67125E6CB9200D41327 /* SceneDelegate.swift in Sources */ = {isa = PBXBuildFile; fileRef = 000FE67025E6CB9200D41327 /* SceneDelegate.swift */; };
		000FE67325E6CB9200D41327 /* ViewController.swift in Sources */ = {isa = PBXBuildFile; fileRef = 000FE67225E6CB9200D41327 /* ViewController.swift */; };
		000FE67625E6CB9200D41327 /* Main.storyboard in Resources */ = {isa = PBXBuildFile; fileRef = 000FE67425E6CB9200D41327 /* Main.storyboard */; };
		000FE67825E6CB9300D41327 /* Assets.xcassets in Resources */ = {isa = PBXBuildFile; fileRef = 000FE67725E6CB9300D41327 /* Assets.xcassets */; };
		000FE67B25E6CB9300D41327 /* LaunchScreen.storyboard in Resources */ = {isa = PBXBuildFile; fileRef = 000FE67925E6CB9300D41327 /* LaunchScreen.storyboard */; };
/* End PBXBuildFile section */

/* Begin PBXFileReference section */
		000FE66B25E6CB9200D41327 /* MapKitEstudo.app */ = {isa = PBXFileReference; explicitFileType = wrapper.application; includeInIndex = 0; path = MapKitEstudo.app; sourceTree = BUILT_PRODUCTS_DIR; };
		000FE66E25E6CB9200D41327 /* AppDelegate.swift */ = {isa = PBXFileReference; lastKnownFileType = sourcecode.swift; path = AppDelegate.swift; sourceTree = "<group>"; };
		000FE67025E6CB9200D41327 /* SceneDelegate.swift */ = {isa = PBXFileReference; lastKnownFileType = sourcecode.swift; path = SceneDelegate.swift; sourceTree = "<group>"; };
		000FE67225E6CB9200D41327 /* ViewController.swift */ = {isa = PBXFileReference; lastKnownFileType = sourcecode.swift; path = ViewController.swift; sourceTree = "<group>"; };
		000FE67525E6CB9200D41327 /* Base */ = {isa = PBXFileReference; lastKnownFileType = file.storyboard; name = Base; path = Base.lproj/Main.storyboard; sourceTree = "<group>"; };
		000FE67725E6CB9300D41327 /* Assets.xcassets */ = {isa = PBXFileReference; lastKnownFileType = folder.assetcatalog; path = Assets.xcassets; sourceTree = "<group>"; };
		000FE67A25E6CB9300D41327 /* Base */ = {isa = PBXFileReference; lastKnownFileType = file.storyboard; name = Base; path = Base.lproj/LaunchScreen.storyboard; sourceTree = "<group>"; };
		000FE67C25E6CB9300D41327 /* Info.plist */ = {isa = PBXFileReference; lastKnownFileType = text.plist.xml; path = Info.plist; sourceTree = "<group>"; };
/* End PBXFileReference section */

/* Begin PBXFrameworksBuildPhase section */
		000FE66825E6CB9200D41327 /* Frameworks */ = {
			isa = PBXFrameworksBuildPhase;
			buildActionMask = 2147483647;
			files = (
			);
			runOnlyForDeploymentPostprocessing = 0;
		};
/* End PBXFrameworksBuildPhase section */

/* Begin PBXGroup section */
		000FE66225E6CB9200D41327 = {
			isa = PBXGroup;
			children = (
				000FE66D25E6CB9200D41327 /* MapKitEstudo */,
				000FE66C25E6CB9200D41327 /* Products */,
			);
			sourceTree = "<group>";
		};
		000FE66C25E6CB9200D41327 /* Products */ = {
			isa = PBXGroup;
			children = (
				000FE66B25E6CB9200D41327 /* MapKitEstudo.app */,
			);
			name = Products;
			sourceTree = "<group>";
		};
		000FE66D25E6CB9200D41327 /* MapKitEstudo */ = {
			isa = PBXGroup;
			children = (
				000FE66E25E6CB9200D41327 /* AppDelegate.swift */,
				000FE67025E6CB9200D41327 /* SceneDelegate.swift */,
				000FE67225E6CB9200D41327 /* ViewController.swift */,
				000FE67425E6CB9200D41327 /* Main.storyboard */,
				000FE67725E6CB9300D41327 /* Assets.xcassets */,
				000FE67925E6CB9300D41327 /* LaunchScreen.storyboard */,
				000FE67C25E6CB9300D41327 /* Info.plist */,
			);
			path = MapKitEstudo;
			sourceTree = "<group>";
		};
/* End PBXGroup section */

/* Begin PBXNativeTarget section */
		000FE66A25E6CB9200D41327 /* MapKitEstudo */ = {
			isa = PBXNativeTarget;
			buildConfigurationList = 000FE67F25E6CB9300D41327 /* Build configuration list for PBXNativeTarget "MapKitEstudo" */;
			buildPhases = (
				000FE66725E6CB9200D41327 /* Sources */,
				000FE66825E6CB9200D41327 /* Frameworks */,
				000FE66925E6CB9200D41327 /* Resources */,
			);
			buildRules = (
			);
			dependencies = (
			);
			name = MapKitEstudo;
			productName = MapKitEstudo;
			productReference = 000FE66B25E6CB9200D41327 /* MapKitEstudo.app */;
			productType = "com.apple.product-type.application";
		};
/* End PBXNativeTarget section */

/* Begin PBXProject section */
		000FE66325E6CB9200D41327 /* Project object */ = {
			isa = PBXProject;
			attributes = {
				LastSwiftUpdateCheck = 1240;
				LastUpgradeCheck = 1240;
				TargetAttributes = {
					000FE66A25E6CB9200D41327 = {
						CreatedOnToolsVersion = 12.4;
					};
				};
			};
			buildConfigurationList = 000FE66625E6CB9200D41327 /* Build configuration list for PBXProject "MapKitEstudo" */;
			compatibilityVersion = "Xcode 9.3";
			developmentRegion = en;
			hasScannedForEncodings = 0;
			knownRegions = (
				en,
				Base,
			);
			mainGroup = 000FE66225E6CB9200D41327;
			productRefGroup = 000FE66C25E6CB9200D41327 /* Products */;
			projectDirPath = "";
			projectRoot = "";
			targets = (
				000FE66A25E6CB9200D41327 /* MapKitEstudo */,
			);
		};
/* End PBXProject section */

/* Begin PBXResourcesBuildPhase section */
		000FE66925E6CB9200D41327 /* Resources */ = {
			isa = PBXResourcesBuildPhase;
			buildActionMask = 2147483647;
			files = (
				000FE67B25E6CB9300D41327 /* LaunchScreen.storyboard in Resources */,
				000FE67825E6CB9300D41327 /* Assets.xcassets in Resources */,
				000FE67625E6CB9200D41327 /* Main.storyboard in Resources */,
			);
			runOnlyForDeploymentPostprocessing = 0;
		};
/* End PBXResourcesBuildPhase section */

/* Begin PBXSourcesBuildPhase section */
		000FE66725E6CB9200D41327 /* Sources */ = {
			isa = PBXSourcesBuildPhase;
			buildActionMask = 2147483647;
			files = (
				000FE67325E6CB9200D41327 /* ViewController.swift in Sources */,
				000FE66F25E6CB9200D41327 /* AppDelegate.swift in Sources */,
				000FE67125E6CB9200D41327 /* SceneDelegate.swift in Sources */,
			);
			runOnlyForDeploymentPostprocessing = 0;
		};
/* End PBXSourcesBuildPhase section */

/* Begin PBXVariantGroup section */
		000FE67425E6CB9200D41327 /* Main.storyboard */ = {
			isa = PBXVariantGroup;
			children = (
				000FE67525E6CB9200D41327 /* Base */,
			);
			name = Main.storyboard;
			sourceTree = "<group>";
		};
		000FE67925E6CB9300D41327 /* LaunchScreen.storyboard */ = {
			isa = PBXVariantGroup;
			children = (
				000FE67A25E6CB9300D41327 /* Base */,
			);
			name = LaunchScreen.storyboard;
			sourceTree = "<group>";
		};
/* End PBXVariantGroup section */

/* Begin XCBuildConfiguration section */
		000FE67D25E6CB9300D41327 /* Debug */ = {
			isa = XCBuildConfiguration;
			buildSettings = {
				ALWAYS_SEARCH_USER_PATHS = NO;
				CLANG_ANALYZER_NONNULL = YES;
				CLANG_ANALYZER_NUMBER_OBJECT_CONVERSION = YES_AGGRESSIVE;
				CLANG_CXX_LANGUAGE_STANDARD = "gnu++14";
				CLANG_CXX_LIBRARY = "libc++";
				CLANG_ENABLE_MODULES = YES;
				CLANG_ENABLE_OBJC_ARC = YES;
				CLANG_ENABLE_OBJC_WEAK = YES;
				CLANG_WARN_BLOCK_CAPTURE_AUTORELEASING = YES;
				CLANG_WARN_BOOL_CONVERSION = YES;
				CLANG_WARN_COMMA = YES;
				CLANG_WARN_CONSTANT_CONVERSION = YES;
				CLANG_WARN_DEPRECATED_OBJC_IMPLEMENTATIONS = YES;
				CLANG_WARN_DIRECT_OBJC_ISA_USAGE = YES_ERROR;
				CLANG_WARN_DOCUMENTATION_COMMENTS = YES;
				CLANG_WARN_EMPTY_BODY = YES;
				CLANG_WARN_ENUM_CONVERSION = YES;
				CLANG_WARN_INFINITE_RECURSION = YES;
				CLANG_WARN_INT_CONVERSION = YES;
				CLANG_WARN_NON_LITERAL_NULL_CONVERSION = YES;
				CLANG_WARN_OBJC_IMPLICIT_RETAIN_SELF = YES;
				CLANG_WARN_OBJC_LITERAL_CONVERSION = YES;
				CLANG_WARN_OBJC_ROOT_CLASS = YES_ERROR;
				CLANG_WARN_QUOTED_INCLUDE_IN_FRAMEWORK_HEADER = YES;
				CLANG_WARN_RANGE_LOOP_ANALYSIS = YES;
				CLANG_WARN_STRICT_PROTOTYPES = YES;
				CLANG_WARN_SUSPICIOUS_MOVE = YES;
				CLANG_WARN_UNGUARDED_AVAILABILITY = YES_AGGRESSIVE;
				CLANG_WARN_UNREACHABLE_CODE = YES;
				CLANG_WARN__DUPLICATE_METHOD_MATCH = YES;
				COPY_PHASE_STRIP = NO;
				DEBUG_INFORMATION_FORMAT = dwarf;
				ENABLE_STRICT_OBJC_MSGSEND = YES;
				ENABLE_TESTABILITY = YES;
				GCC_C_LANGUAGE_STANDARD = gnu11;
				GCC_DYNAMIC_NO_PIC = NO;
				GCC_NO_COMMON_BLOCKS = YES;
				GCC_OPTIMIZATION_LEVEL = 0;
				GCC_PREPROCESSOR_DEFINITIONS = (
					"DEBUG=1",
					"$(inherited)",
				);
				GCC_WARN_64_TO_32_BIT_CONVERSION = YES;
				GCC_WARN_ABOUT_RETURN_TYPE = YES_ERROR;
				GCC_WARN_UNDECLARED_SELECTOR = YES;
				GCC_WARN_UNINITIALIZED_AUTOS = YES_AGGRESSIVE;
				GCC_WARN_UNUSED_FUNCTION = YES;
				GCC_WARN_UNUSED_VARIABLE = YES;
				IPHONEOS_DEPLOYMENT_TARGET = 14.4;
				MTL_ENABLE_DEBUG_INFO = INCLUDE_SOURCE;
				MTL_FAST_MATH = YES;
				ONLY_ACTIVE_ARCH = YES;
				SDKROOT = iphoneos;
				SWIFT_ACTIVE_COMPILATION_CONDITIONS = DEBUG;
				SWIFT_OPTIMIZATION_LEVEL = "-Onone";
			};
			name = Debug;
		};
		000FE67E25E6CB9300D41327 /* Release */ = {
			isa = XCBuildConfiguration;
			buildSettings = {
				ALWAYS_SEARCH_USER_PATHS = NO;
				CLANG_ANALYZER_NONNULL = YES;
				CLANG_ANALYZER_NUMBER_OBJECT_CONVERSION = YES_AGGRESSIVE;
				CLANG_CXX_LANGUAGE_STANDARD = "gnu++14";
				CLANG_CXX_LIBRARY = "libc++";
				CLANG_ENABLE_MODULES = YES;
				CLANG_ENABLE_OBJC_ARC = YES;
				CLANG_ENABLE_OBJC_WEAK = YES;
				CLANG_WARN_BLOCK_CAPTURE_AUTORELEASING = YES;
				CLANG_WARN_BOOL_CONVERSION = YES;
				CLANG_WARN_COMMA = YES;
				CLANG_WARN_CONSTANT_CONVERSION = YES;
				CLANG_WARN_DEPRECATED_OBJC_IMPLEMENTATIONS = YES;
				CLANG_WARN_DIRECT_OBJC_ISA_USAGE = YES_ERROR;
				CLANG_WARN_DOCUMENTATION_COMMENTS = YES;
				CLANG_WARN_EMPTY_BODY = YES;
				CLANG_WARN_ENUM_CONVERSION = YES;
				CLANG_WARN_INFINITE_RECURSION = YES;
				CLANG_WARN_INT_CONVERSION = YES;
				CLANG_WARN_NON_LITERAL_NULL_CONVERSION = YES;
				CLANG_WARN_OBJC_IMPLICIT_RETAIN_SELF = YES;
				CLANG_WARN_OBJC_LITERAL_CONVERSION = YES;
				CLANG_WARN_OBJC_ROOT_CLASS = YES_ERROR;
				CLANG_WARN_QUOTED_INCLUDE_IN_FRAMEWORK_HEADER = YES;
				CLANG_WARN_RANGE_LOOP_ANALYSIS = YES;
				CLANG_WARN_STRICT_PROTOTYPES = YES;
				CLANG_WARN_SUSPICIOUS_MOVE = YES;
				CLANG_WARN_UNGUARDED_AVAILABILITY = YES_AGGRESSIVE;
				CLANG_WARN_UNREACHABLE_CODE = YES;
				CLANG_WARN__DUPLICATE_METHOD_MATCH = YES;
				COPY_PHASE_STRIP = NO;
				DEBUG_INFORMATION_FORMAT = "dwarf-with-dsym";
				ENABLE_NS_ASSERTIONS = NO;
				ENABLE_STRICT_OBJC_MSGSEND = YES;
				GCC_C_LANGUAGE_STANDARD = gnu11;
				GCC_NO_COMMON_BLOCKS = YES;
				GCC_WARN_64_TO_32_BIT_CONVERSION = YES;
				GCC_WARN_ABOUT_RETURN_TYPE = YES_ERROR;
				GCC_WARN_UNDECLARED_SELECTOR = YES;
				GCC_WARN_UNINITIALIZED_AUTOS = YES_AGGRESSIVE;
				GCC_WARN_UNUSED_FUNCTION = YES;
				GCC_WARN_UNUSED_VARIABLE = YES;
				IPHONEOS_DEPLOYMENT_TARGET = 14.4;
				MTL_ENABLE_DEBUG_INFO = NO;
				MTL_FAST_MATH = YES;
				SDKROOT = iphoneos;
				SWIFT_COMPILATION_MODE = wholemodule;
				SWIFT_OPTIMIZATION_LEVEL = "-O";
				VALIDATE_PRODUCT = YES;
			};
			name = Release;
		};
		000FE68025E6CB9300D41327 /* Debug */ = {
			isa = XCBuildConfiguration;
			buildSettings = {
				ASSETCATALOG_COMPILER_APPICON_NAME = AppIcon;
				ASSETCATALOG_COMPILER_GLOBAL_ACCENT_COLOR_NAME = AccentColor;
				CODE_SIGN_STYLE = Automatic;
				DEVELOPMENT_TEAM = 97568Q8MN2;
				INFOPLIST_FILE = MapKitEstudo/Info.plist;
				LD_RUNPATH_SEARCH_PATHS = (
					"$(inherited)",
					"@executable_path/Frameworks",
				);
				PRODUCT_BUNDLE_IDENTIFIER = com.rodrigocarvalho.MapKitEstudo;
				PRODUCT_NAME = "$(TARGET_NAME)";
				SWIFT_VERSION = 5.0;
				TARGETED_DEVICE_FAMILY = "1,2";
			};
			name = Debug;
		};
		000FE68125E6CB9300D41327 /* Release */ = {
			isa = XCBuildConfiguration;
			buildSettings = {
				ASSETCATALOG_COMPILER_APPICON_NAME = AppIcon;
				ASSETCATALOG_COMPILER_GLOBAL_ACCENT_COLOR_NAME = AccentColor;
				CODE_SIGN_STYLE = Automatic;
				DEVELOPMENT_TEAM = 97568Q8MN2;
				INFOPLIST_FILE = MapKitEstudo/Info.plist;
				LD_RUNPATH_SEARCH_PATHS = (
					"$(inherited)",
					"@executable_path/Frameworks",
				);
				PRODUCT_BUNDLE_IDENTIFIER = com.rodrigocarvalho.MapKitEstudo;
				PRODUCT_NAME = "$(TARGET_NAME)";
				SWIFT_VERSION = 5.0;
				TARGETED_DEVICE_FAMILY = "1,2";
			};
			name = Release;
		};
/* End XCBuildConfiguration section */

/* Begin XCConfigurationList section */
		000FE66625E6CB9200D41327 /* Build configuration list for PBXProject "MapKitEstudo" */ = {
			isa = XCConfigurationList;
			buildConfigurations = (
				000FE67D25E6CB9300D41327 /* Debug */,
				000FE67E25E6CB9300D41327 /* Release */,
			);
			defaultConfigurationIsVisible = 0;
			defaultConfigurationName = Release;
		};
		000FE67F25E6CB9300D41327 /* Build configuration list for PBXNativeTarget "MapKitEstudo" */ = {
			isa = XCConfigurationList;
			buildConfigurations = (
				000FE68025E6CB9300D41327 /* Debug */,
				000FE68125E6CB9300D41327 /* Release */,
			);
			defaultConfigurationIsVisible = 0;
			defaultConfigurationName = Release;
		};
/* End XCConfigurationList section */
	};
	rootObject = 000FE66325E6CB9200D41327 /* Project object */;
}
